
Microsoft Visual Studio Solution File, Format Version 12.00
# Visual Studio Version 17
VisualStudioVersion = 17.9.34723.18
MinimumVisualStudioVersion = 10.0.40219.1
Project("{2150E333-8FDC-42A3-9474-1A3956D46DE8}") = "Introduction", "Introduction", "{76E19222-3A36-4CC5-BFCA-78CBD487ACA0}"
EndProject
Project("{2150E333-8FDC-42A3-9474-1A3956D46DE8}") = "Inheritance", "Inheritance", "{ED07851A-FAA1-4D89-9782-A42A5B182A1E}"
EndProject
Project("{2150E333-8FDC-42A3-9474-1A3956D46DE8}") = "Encapsulation", "Encapsulation", "{1462F516-FA69-4BA9-B1BD-F7D624B49D96}"
EndProject
Project("{FAE04EC0-301F-11D3-BF4B-00C04F79EFBC}") = "Arrays", "IntroductionToDOTNET\Arrays\Arrays.csproj", "{8FAFE7FA-E6B2-4CE4-8508-FCBF21A9352E}"
EndProject
Project("{FAE04EC0-301F-11D3-BF4B-00C04F79EFBC}") = "Calc", "IntroductionToDOTNET\Calc\Calc.csproj", "{A27959CE-0A3D-46D9-92F5-CFB52AD8F118}"
EndProject
Project("{FAE04EC0-301F-11D3-BF4B-00C04F79EFBC}") = "Calc2", "IntroductionToDOTNET\Calc2\Calc2.csproj", "{0FD389C7-1C82-4591-86AB-A1685D6CB501}"
EndProject
Project("{FAE04EC0-301F-11D3-BF4B-00C04F79EFBC}") = "DataTypes", "IntroductionToDOTNET\DataTypes\DataTypes.csproj", "{8E30FBC7-5AB2-4728-9CF4-8FCE7F74C24F}"
EndProject
Project("{FAE04EC0-301F-11D3-BF4B-00C04F79EFBC}") = "Game", "IntroductionToDOTNET\Game\Game.csproj", "{CC167BC1-97CE-4028-9B40-101F5D5AE05E}"
EndProject
Project("{FAE04EC0-301F-11D3-BF4B-00C04F79EFBC}") = "IntroductionToDOTNET", "IntroductionToDOTNET\IntroductionToDOTNET\IntroductionToDOTNET.csproj", "{623E833D-F3C4-47A8-A65C-D0B7F03C0D96}"
EndProject
Project("{FAE04EC0-301F-11D3-BF4B-00C04F79EFBC}") = "Methods", "IntroductionToDOTNET\Methods\Methods.csproj", "{DECDEEFA-4D6B-4897-8BFC-E6F58F01CE88}"
EndProject
Project("{FAE04EC0-301F-11D3-BF4B-00C04F79EFBC}") = "Recursion", "IntroductionToDOTNET\Recursion\Recursion.csproj", "{01378867-90AF-4317-90C9-F1A24FA36E72}"
EndProject
Project("{FAE04EC0-301F-11D3-BF4B-00C04F79EFBC}") = "RecursionClasswork", "IntroductionToDOTNET\RecursionClasswork\RecursionClasswork.csproj", "{1DDB6F0F-7119-4903-9A5D-166B9E637B99}"
EndProject
Project("{FAE04EC0-301F-11D3-BF4B-00C04F79EFBC}") = "TicTacToe", "IntroductionToDOTNET\TicTacToe\TicTacToe.csproj", "{5EAD57E8-B737-43FF-9C35-F52CC94134A6}"
EndProject
Project("{FAE04EC0-301F-11D3-BF4B-00C04F79EFBC}") = "Encapsulation", "Encapsulation\Encapsulation\Encapsulation.csproj", "{A04BA143-B4B2-466E-ACF6-92220BCA55F1}"
EndProject
Project("{FAE04EC0-301F-11D3-BF4B-00C04F79EFBC}") = "Fraction", "Encapsulation\Fraction\Fraction.csproj", "{32FC0407-76D7-45E6-86C3-2E19D94AF3C1}"
EndProject
Project("{FAE04EC0-301F-11D3-BF4B-00C04F79EFBC}") = "Inheritance", "Encapsulation\Inheritance\Inheritance.csproj", "{D054E0CA-7A73-48F3-A931-B70DF81E3DE6}"
EndProject
Project("{FAE04EC0-301F-11D3-BF4B-00C04F79EFBC}") = "Academy", "Inheritance\Academy\Academy.csproj", "{4C0E715E-B9EA-463D-A249-01A15112380A}"
EndProject
Project("{FAE04EC0-301F-11D3-BF4B-00C04F79EFBC}") = "Inheritance", "Inheritance\Inheritance\Inheritance.csproj", "{B5401F25-13F7-4EE2-B222-083E3660578B}"
EndProject
Project("{FAE04EC0-301F-11D3-BF4B-00C04F79EFBC}") = "AbstractShapes", "Inheritance\AbstractShapes\AbstractShapes.csproj", "{4B9D7DC1-547F-4BA6-92D4-4BF3CBC67491}"
EndProject
Project("{2150E333-8FDC-42A3-9474-1A3956D46DE8}") = "DataContainers", "DataContainers", "{D14ACF4A-87D9-4592-911C-EF731E7D89F2}"
EndProject
Project("{FAE04EC0-301F-11D3-BF4B-00C04F79EFBC}") = "DataContainers", "DataContainers\DataContainers\DataContainers.csproj", "{D3B81AC1-EEC4-45F6-A492-2C64C7AF1D20}"
EndProject
Project("{FAE04EC0-301F-11D3-BF4B-00C04F79EFBC}") = "BinaryTree", "DataContainers\BinaryTree\BinaryTree.csproj", "{C6A2F51C-0701-433C-B2BA-D954F75AB374}"
EndProject
Global
	GlobalSection(SolutionConfigurationPlatforms) = preSolution
		Debug|Any CPU = Debug|Any CPU
		Release|Any CPU = Release|Any CPU
	EndGlobalSection
	GlobalSection(ProjectConfigurationPlatforms) = postSolution
		{8FAFE7FA-E6B2-4CE4-8508-FCBF21A9352E}.Debug|Any CPU.ActiveCfg = Debug|Any CPU
		{8FAFE7FA-E6B2-4CE4-8508-FCBF21A9352E}.Debug|Any CPU.Build.0 = Debug|Any CPU
		{8FAFE7FA-E6B2-4CE4-8508-FCBF21A9352E}.Release|Any CPU.ActiveCfg = Release|Any CPU
		{8FAFE7FA-E6B2-4CE4-8508-FCBF21A9352E}.Release|Any CPU.Build.0 = Release|Any CPU
		{A27959CE-0A3D-46D9-92F5-CFB52AD8F118}.Debug|Any CPU.ActiveCfg = Debug|Any CPU
		{A27959CE-0A3D-46D9-92F5-CFB52AD8F118}.Debug|Any CPU.Build.0 = Debug|Any CPU
		{A27959CE-0A3D-46D9-92F5-CFB52AD8F118}.Release|Any CPU.ActiveCfg = Release|Any CPU
		{A27959CE-0A3D-46D9-92F5-CFB52AD8F118}.Release|Any CPU.Build.0 = Release|Any CPU
		{0FD389C7-1C82-4591-86AB-A1685D6CB501}.Debug|Any CPU.ActiveCfg = Debug|Any CPU
		{0FD389C7-1C82-4591-86AB-A1685D6CB501}.Debug|Any CPU.Build.0 = Debug|Any CPU
		{0FD389C7-1C82-4591-86AB-A1685D6CB501}.Release|Any CPU.ActiveCfg = Release|Any CPU
		{0FD389C7-1C82-4591-86AB-A1685D6CB501}.Release|Any CPU.Build.0 = Release|Any CPU
		{8E30FBC7-5AB2-4728-9CF4-8FCE7F74C24F}.Debug|Any CPU.ActiveCfg = Debug|Any CPU
		{8E30FBC7-5AB2-4728-9CF4-8FCE7F74C24F}.Debug|Any CPU.Build.0 = Debug|Any CPU
		{8E30FBC7-5AB2-4728-9CF4-8FCE7F74C24F}.Release|Any CPU.ActiveCfg = Release|Any CPU
		{8E30FBC7-5AB2-4728-9CF4-8FCE7F74C24F}.Release|Any CPU.Build.0 = Release|Any CPU
		{CC167BC1-97CE-4028-9B40-101F5D5AE05E}.Debug|Any CPU.ActiveCfg = Debug|Any CPU
		{CC167BC1-97CE-4028-9B40-101F5D5AE05E}.Debug|Any CPU.Build.0 = Debug|Any CPU
		{CC167BC1-97CE-4028-9B40-101F5D5AE05E}.Release|Any CPU.ActiveCfg = Release|Any CPU
		{CC167BC1-97CE-4028-9B40-101F5D5AE05E}.Release|Any CPU.Build.0 = Release|Any CPU
		{623E833D-F3C4-47A8-A65C-D0B7F03C0D96}.Debug|Any CPU.ActiveCfg = Debug|Any CPU
		{623E833D-F3C4-47A8-A65C-D0B7F03C0D96}.Debug|Any CPU.Build.0 = Debug|Any CPU
		{623E833D-F3C4-47A8-A65C-D0B7F03C0D96}.Release|Any CPU.ActiveCfg = Release|Any CPU
		{623E833D-F3C4-47A8-A65C-D0B7F03C0D96}.Release|Any CPU.Build.0 = Release|Any CPU
		{DECDEEFA-4D6B-4897-8BFC-E6F58F01CE88}.Debug|Any CPU.ActiveCfg = Debug|Any CPU
		{DECDEEFA-4D6B-4897-8BFC-E6F58F01CE88}.Debug|Any CPU.Build.0 = Debug|Any CPU
		{DECDEEFA-4D6B-4897-8BFC-E6F58F01CE88}.Release|Any CPU.ActiveCfg = Release|Any CPU
		{DECDEEFA-4D6B-4897-8BFC-E6F58F01CE88}.Release|Any CPU.Build.0 = Release|Any CPU
		{01378867-90AF-4317-90C9-F1A24FA36E72}.Debug|Any CPU.ActiveCfg = Debug|Any CPU
		{01378867-90AF-4317-90C9-F1A24FA36E72}.Debug|Any CPU.Build.0 = Debug|Any CPU
		{01378867-90AF-4317-90C9-F1A24FA36E72}.Release|Any CPU.ActiveCfg = Release|Any CPU
		{01378867-90AF-4317-90C9-F1A24FA36E72}.Release|Any CPU.Build.0 = Release|Any CPU
		{1DDB6F0F-7119-4903-9A5D-166B9E637B99}.Debug|Any CPU.ActiveCfg = Debug|Any CPU
		{1DDB6F0F-7119-4903-9A5D-166B9E637B99}.Debug|Any CPU.Build.0 = Debug|Any CPU
		{1DDB6F0F-7119-4903-9A5D-166B9E637B99}.Release|Any CPU.ActiveCfg = Release|Any CPU
		{1DDB6F0F-7119-4903-9A5D-166B9E637B99}.Release|Any CPU.Build.0 = Release|Any CPU
		{5EAD57E8-B737-43FF-9C35-F52CC94134A6}.Debug|Any CPU.ActiveCfg = Debug|Any CPU
		{5EAD57E8-B737-43FF-9C35-F52CC94134A6}.Debug|Any CPU.Build.0 = Debug|Any CPU
		{5EAD57E8-B737-43FF-9C35-F52CC94134A6}.Release|Any CPU.ActiveCfg = Release|Any CPU
		{5EAD57E8-B737-43FF-9C35-F52CC94134A6}.Release|Any CPU.Build.0 = Release|Any CPU
		{A04BA143-B4B2-466E-ACF6-92220BCA55F1}.Debug|Any CPU.ActiveCfg = Debug|Any CPU
		{A04BA143-B4B2-466E-ACF6-92220BCA55F1}.Debug|Any CPU.Build.0 = Debug|Any CPU
		{A04BA143-B4B2-466E-ACF6-92220BCA55F1}.Release|Any CPU.ActiveCfg = Release|Any CPU
		{A04BA143-B4B2-466E-ACF6-92220BCA55F1}.Release|Any CPU.Build.0 = Release|Any CPU
		{32FC0407-76D7-45E6-86C3-2E19D94AF3C1}.Debug|Any CPU.ActiveCfg = Debug|Any CPU
		{32FC0407-76D7-45E6-86C3-2E19D94AF3C1}.Debug|Any CPU.Build.0 = Debug|Any CPU
		{32FC0407-76D7-45E6-86C3-2E19D94AF3C1}.Release|Any CPU.ActiveCfg = Release|Any CPU
		{32FC0407-76D7-45E6-86C3-2E19D94AF3C1}.Release|Any CPU.Build.0 = Release|Any CPU
		{D054E0CA-7A73-48F3-A931-B70DF81E3DE6}.Debug|Any CPU.ActiveCfg = Debug|Any CPU
		{D054E0CA-7A73-48F3-A931-B70DF81E3DE6}.Debug|Any CPU.Build.0 = Debug|Any CPU
		{D054E0CA-7A73-48F3-A931-B70DF81E3DE6}.Release|Any CPU.ActiveCfg = Release|Any CPU
		{D054E0CA-7A73-48F3-A931-B70DF81E3DE6}.Release|Any CPU.Build.0 = Release|Any CPU
		{4C0E715E-B9EA-463D-A249-01A15112380A}.Debug|Any CPU.ActiveCfg = Debug|Any CPU
		{4C0E715E-B9EA-463D-A249-01A15112380A}.Debug|Any CPU.Build.0 = Debug|Any CPU
		{4C0E715E-B9EA-463D-A249-01A15112380A}.Release|Any CPU.ActiveCfg = Release|Any CPU
		{4C0E715E-B9EA-463D-A249-01A15112380A}.Release|Any CPU.Build.0 = Release|Any CPU
		{B5401F25-13F7-4EE2-B222-083E3660578B}.Debug|Any CPU.ActiveCfg = Debug|Any CPU
		{B5401F25-13F7-4EE2-B222-083E3660578B}.Debug|Any CPU.Build.0 = Debug|Any CPU
		{B5401F25-13F7-4EE2-B222-083E3660578B}.Release|Any CPU.ActiveCfg = Release|Any CPU
		{B5401F25-13F7-4EE2-B222-083E3660578B}.Release|Any CPU.Build.0 = Release|Any CPU
		{4B9D7DC1-547F-4BA6-92D4-4BF3CBC67491}.Debug|Any CPU.ActiveCfg = Debug|Any CPU
		{4B9D7DC1-547F-4BA6-92D4-4BF3CBC67491}.Debug|Any CPU.Build.0 = Debug|Any CPU
		{4B9D7DC1-547F-4BA6-92D4-4BF3CBC67491}.Release|Any CPU.ActiveCfg = Release|Any CPU
		{4B9D7DC1-547F-4BA6-92D4-4BF3CBC67491}.Release|Any CPU.Build.0 = Release|Any CPU
		{D3B81AC1-EEC4-45F6-A492-2C64C7AF1D20}.Debug|Any CPU.ActiveCfg = Debug|Any CPU
		{D3B81AC1-EEC4-45F6-A492-2C64C7AF1D20}.Debug|Any CPU.Build.0 = Debug|Any CPU
		{D3B81AC1-EEC4-45F6-A492-2C64C7AF1D20}.Release|Any CPU.ActiveCfg = Release|Any CPU
		{D3B81AC1-EEC4-45F6-A492-2C64C7AF1D20}.Release|Any CPU.Build.0 = Release|Any CPU
		{C6A2F51C-0701-433C-B2BA-D954F75AB374}.Debug|Any CPU.ActiveCfg = Debug|Any CPU
		{C6A2F51C-0701-433C-B2BA-D954F75AB374}.Debug|Any CPU.Build.0 = Debug|Any CPU
		{C6A2F51C-0701-433C-B2BA-D954F75AB374}.Release|Any CPU.ActiveCfg = Release|Any CPU
		{C6A2F51C-0701-433C-B2BA-D954F75AB374}.Release|Any CPU.Build.0 = Release|Any CPU
	EndGlobalSection
	GlobalSection(SolutionProperties) = preSolution
		HideSolutionNode = FALSE
	EndGlobalSection
	GlobalSection(NestedProjects) = preSolution
		{8FAFE7FA-E6B2-4CE4-8508-FCBF21A9352E} = {76E19222-3A36-4CC5-BFCA-78CBD487ACA0}
		{A27959CE-0A3D-46D9-92F5-CFB52AD8F118} = {76E19222-3A36-4CC5-BFCA-78CBD487ACA0}
		{0FD389C7-1C82-4591-86AB-A1685D6CB501} = {76E19222-3A36-4CC5-BFCA-78CBD487ACA0}
		{8E30FBC7-5AB2-4728-9CF4-8FCE7F74C24F} = {76E19222-3A36-4CC5-BFCA-78CBD487ACA0}
		{CC167BC1-97CE-4028-9B40-101F5D5AE05E} = {76E19222-3A36-4CC5-BFCA-78CBD487ACA0}
		{623E833D-F3C4-47A8-A65C-D0B7F03C0D96} = {76E19222-3A36-4CC5-BFCA-78CBD487ACA0}
		{DECDEEFA-4D6B-4897-8BFC-E6F58F01CE88} = {76E19222-3A36-4CC5-BFCA-78CBD487ACA0}
		{01378867-90AF-4317-90C9-F1A24FA36E72} = {76E19222-3A36-4CC5-BFCA-78CBD487ACA0}
		{1DDB6F0F-7119-4903-9A5D-166B9E637B99} = {76E19222-3A36-4CC5-BFCA-78CBD487ACA0}
		{5EAD57E8-B737-43FF-9C35-F52CC94134A6} = {76E19222-3A36-4CC5-BFCA-78CBD487ACA0}
		{A04BA143-B4B2-466E-ACF6-92220BCA55F1} = {1462F516-FA69-4BA9-B1BD-F7D624B49D96}
		{32FC0407-76D7-45E6-86C3-2E19D94AF3C1} = {1462F516-FA69-4BA9-B1BD-F7D624B49D96}
		{D054E0CA-7A73-48F3-A931-B70DF81E3DE6} = {1462F516-FA69-4BA9-B1BD-F7D624B49D96}
		{4C0E715E-B9EA-463D-A249-01A15112380A} = {ED07851A-FAA1-4D89-9782-A42A5B182A1E}
		{B5401F25-13F7-4EE2-B222-083E3660578B} = {ED07851A-FAA1-4D89-9782-A42A5B182A1E}
		{4B9D7DC1-547F-4BA6-92D4-4BF3CBC67491} = {ED07851A-FAA1-4D89-9782-A42A5B182A1E}
		{D3B81AC1-EEC4-45F6-A492-2C64C7AF1D20} = {D14ACF4A-87D9-4592-911C-EF731E7D89F2}
		{C6A2F51C-0701-433C-B2BA-D954F75AB374} = {D14ACF4A-87D9-4592-911C-EF731E7D89F2}
	EndGlobalSection
	GlobalSection(ExtensibilityGlobals) = postSolution
		SolutionGuid = {3684F0A8-D7EE-416F-BC36-7FBA2D954696}
	EndGlobalSection
EndGlobal
