
Microsoft Visual Studio Solution File, Format Version 12.00
# Visual Studio Version 17
VisualStudioVersion = 17.9.34723.18
MinimumVisualStudioVersion = 10.0.40219.1
Project("{FAE04EC0-301F-11D3-BF4B-00C04F79EFBC}") = "IntroductionToDOTNET", "IntroductionToDOTNET\IntroductionToDOTNET.csproj", "{623E833D-F3C4-47A8-A65C-D0B7F03C0D96}"
EndProject
Project("{FAE04EC0-301F-11D3-BF4B-00C04F79EFBC}") = "DataTypes", "DataTypes\DataTypes.csproj", "{8E30FBC7-5AB2-4728-9CF4-8FCE7F74C24F}"
EndProject
Project("{FAE04EC0-301F-11D3-BF4B-00C04F79EFBC}") = "Game", "Game\Game.csproj", "{CC167BC1-97CE-4028-9B40-101F5D5AE05E}"
EndProject
Project("{FAE04EC0-301F-11D3-BF4B-00C04F79EFBC}") = "Calc", "Calc\Calc.csproj", "{A27959CE-0A3D-46D9-92F5-CFB52AD8F118}"
EndProject
Project("{FAE04EC0-301F-11D3-BF4B-00C04F79EFBC}") = "Calc2", "Calc2\Calc2.csproj", "{0FD389C7-1C82-4591-86AB-A1685D6CB501}"
EndProject
Project("{FAE04EC0-301F-11D3-BF4B-00C04F79EFBC}") = "Recursion", "Recursion\Recursion.csproj", "{01378867-90AF-4317-90C9-F1A24FA36E72}"
EndProject
Project("{FAE04EC0-301F-11D3-BF4B-00C04F79EFBC}") = "RecursionClasswork", "RecursionClasswork\RecursionClasswork.csproj", "{1DDB6F0F-7119-4903-9A5D-166B9E637B99}"
EndProject
Project("{FAE04EC0-301F-11D3-BF4B-00C04F79EFBC}") = "TicTacToe", "TicTacToe\TicTacToe.csproj", "{5EAD57E8-B737-43FF-9C35-F52CC94134A6}"
EndProject
Project("{FAE04EC0-301F-11D3-BF4B-00C04F79EFBC}") = "Arrays", "Arrays\Arrays.csproj", "{8FAFE7FA-E6B2-4CE4-8508-FCBF21A9352E}"
EndProject
Project("{FAE04EC0-301F-11D3-BF4B-00C04F79EFBC}") = "Methods", "Methods\Methods.csproj", "{DECDEEFA-4D6B-4897-8BFC-E6F58F01CE88}"
EndProject
Global
	GlobalSection(SolutionConfigurationPlatforms) = preSolution
		Debug|Any CPU = Debug|Any CPU
		Release|Any CPU = Release|Any CPU
	EndGlobalSection
	GlobalSection(ProjectConfigurationPlatforms) = postSolution
		{623E833D-F3C4-47A8-A65C-D0B7F03C0D96}.Debug|Any CPU.ActiveCfg = Debug|Any CPU
		{623E833D-F3C4-47A8-A65C-D0B7F03C0D96}.Debug|Any CPU.Build.0 = Debug|Any CPU
		{623E833D-F3C4-47A8-A65C-D0B7F03C0D96}.Release|Any CPU.ActiveCfg = Release|Any CPU
		{623E833D-F3C4-47A8-A65C-D0B7F03C0D96}.Release|Any CPU.Build.0 = Release|Any CPU
		{8E30FBC7-5AB2-4728-9CF4-8FCE7F74C24F}.Debug|Any CPU.ActiveCfg = Debug|Any CPU
		{8E30FBC7-5AB2-4728-9CF4-8FCE7F74C24F}.Debug|Any CPU.Build.0 = Debug|Any CPU
		{8E30FBC7-5AB2-4728-9CF4-8FCE7F74C24F}.Release|Any CPU.ActiveCfg = Release|Any CPU
		{8E30FBC7-5AB2-4728-9CF4-8FCE7F74C24F}.Release|Any CPU.Build.0 = Release|Any CPU
		{CC167BC1-97CE-4028-9B40-101F5D5AE05E}.Debug|Any CPU.ActiveCfg = Debug|Any CPU
		{CC167BC1-97CE-4028-9B40-101F5D5AE05E}.Debug|Any CPU.Build.0 = Debug|Any CPU
		{CC167BC1-97CE-4028-9B40-101F5D5AE05E}.Release|Any CPU.ActiveCfg = Release|Any CPU
		{CC167BC1-97CE-4028-9B40-101F5D5AE05E}.Release|Any CPU.Build.0 = Release|Any CPU
		{A27959CE-0A3D-46D9-92F5-CFB52AD8F118}.Debug|Any CPU.ActiveCfg = Debug|Any CPU
		{A27959CE-0A3D-46D9-92F5-CFB52AD8F118}.Debug|Any CPU.Build.0 = Debug|Any CPU
		{A27959CE-0A3D-46D9-92F5-CFB52AD8F118}.Release|Any CPU.ActiveCfg = Release|Any CPU
		{A27959CE-0A3D-46D9-92F5-CFB52AD8F118}.Release|Any CPU.Build.0 = Release|Any CPU
		{0FD389C7-1C82-4591-86AB-A1685D6CB501}.Debug|Any CPU.ActiveCfg = Debug|Any CPU
		{0FD389C7-1C82-4591-86AB-A1685D6CB501}.Debug|Any CPU.Build.0 = Debug|Any CPU
		{0FD389C7-1C82-4591-86AB-A1685D6CB501}.Release|Any CPU.ActiveCfg = Release|Any CPU
		{0FD389C7-1C82-4591-86AB-A1685D6CB501}.Release|Any CPU.Build.0 = Release|Any CPU
		{01378867-90AF-4317-90C9-F1A24FA36E72}.Debug|Any CPU.ActiveCfg = Debug|Any CPU
		{01378867-90AF-4317-90C9-F1A24FA36E72}.Debug|Any CPU.Build.0 = Debug|Any CPU
		{01378867-90AF-4317-90C9-F1A24FA36E72}.Release|Any CPU.ActiveCfg = Release|Any CPU
		{01378867-90AF-4317-90C9-F1A24FA36E72}.Release|Any CPU.Build.0 = Release|Any CPU
		{1DDB6F0F-7119-4903-9A5D-166B9E637B99}.Debug|Any CPU.ActiveCfg = Debug|Any CPU
		{1DDB6F0F-7119-4903-9A5D-166B9E637B99}.Debug|Any CPU.Build.0 = Debug|Any CPU
		{1DDB6F0F-7119-4903-9A5D-166B9E637B99}.Release|Any CPU.ActiveCfg = Release|Any CPU
		{1DDB6F0F-7119-4903-9A5D-166B9E637B99}.Release|Any CPU.Build.0 = Release|Any CPU
		{5EAD57E8-B737-43FF-9C35-F52CC94134A6}.Debug|Any CPU.ActiveCfg = Debug|Any CPU
		{5EAD57E8-B737-43FF-9C35-F52CC94134A6}.Debug|Any CPU.Build.0 = Debug|Any CPU
		{5EAD57E8-B737-43FF-9C35-F52CC94134A6}.Release|Any CPU.ActiveCfg = Release|Any CPU
		{5EAD57E8-B737-43FF-9C35-F52CC94134A6}.Release|Any CPU.Build.0 = Release|Any CPU
		{8FAFE7FA-E6B2-4CE4-8508-FCBF21A9352E}.Debug|Any CPU.ActiveCfg = Debug|Any CPU
		{8FAFE7FA-E6B2-4CE4-8508-FCBF21A9352E}.Debug|Any CPU.Build.0 = Debug|Any CPU
		{8FAFE7FA-E6B2-4CE4-8508-FCBF21A9352E}.Release|Any CPU.ActiveCfg = Release|Any CPU
		{8FAFE7FA-E6B2-4CE4-8508-FCBF21A9352E}.Release|Any CPU.Build.0 = Release|Any CPU
		{DECDEEFA-4D6B-4897-8BFC-E6F58F01CE88}.Debug|Any CPU.ActiveCfg = Debug|Any CPU
		{DECDEEFA-4D6B-4897-8BFC-E6F58F01CE88}.Debug|Any CPU.Build.0 = Debug|Any CPU
		{DECDEEFA-4D6B-4897-8BFC-E6F58F01CE88}.Release|Any CPU.ActiveCfg = Release|Any CPU
		{DECDEEFA-4D6B-4897-8BFC-E6F58F01CE88}.Release|Any CPU.Build.0 = Release|Any CPU
	EndGlobalSection
	GlobalSection(SolutionProperties) = preSolution
		HideSolutionNode = FALSE
	EndGlobalSection
	GlobalSection(ExtensibilityGlobals) = postSolution
		SolutionGuid = {3684F0A8-D7EE-416F-BC36-7FBA2D954696}
	EndGlobalSection
EndGlobal
